
Microsoft Visual Studio Solution File, Format Version 12.00
# Visual Studio Version 17
VisualStudioVersion = 17.7.34221.43
MinimumVisualStudioVersion = 10.0.40219.1
Project("{FAE04EC0-301F-11D3-BF4B-00C04F79EFBC}") = "BackEnd", "BackEnd.csproj", "{B8CECFA0-2BED-41F3-88E0-345779C5C4AA}"
EndProject
Global
	GlobalSection(SolutionConfigurationPlatforms) = preSolution
		Debug|Any CPU = Debug|Any CPU
		Release|Any CPU = Release|Any CPU
	EndGlobalSection
	GlobalSection(ProjectConfigurationPlatforms) = postSolution
		{B8CECFA0-2BED-41F3-88E0-345779C5C4AA}.Debug|Any CPU.ActiveCfg = Debug|Any CPU
		{B8CECFA0-2BED-41F3-88E0-345779C5C4AA}.Debug|Any CPU.Build.0 = Debug|Any CPU
		{B8CECFA0-2BED-41F3-88E0-345779C5C4AA}.Release|Any CPU.ActiveCfg = Release|Any CPU
		{B8CECFA0-2BED-41F3-88E0-345779C5C4AA}.Release|Any CPU.Build.0 = Release|Any CPU
	EndGlobalSection
	GlobalSection(SolutionProperties) = preSolution
		HideSolutionNode = FALSE
	EndGlobalSection
	GlobalSection(ExtensibilityGlobals) = postSolution
		SolutionGuid = {292E57C7-B4EF-4488-BDB0-E7D5DC934E2C}
	EndGlobalSection
EndGlobal
